
Microsoft Visual Studio Solution File, Format Version 12.00
# Visual Studio Version 17
VisualStudioVersion = 17.14.36623.8
MinimumVisualStudioVersion = 10.0.40219.1
Project("{FAE04EC0-301F-11D3-BF4B-00C04F79EFBC}") = "WebApplication3", "WebApplication3\WebApplication3.csproj", "{AE82D126-199C-4A74-ACF1-859BF5C3CFAC}"
EndProject
Global
	GlobalSection(SolutionConfigurationPlatforms) = preSolution
		Debug|Any CPU = Debug|Any CPU
		Release|Any CPU = Release|Any CPU
	EndGlobalSection
	GlobalSection(ProjectConfigurationPlatforms) = postSolution
		{AE82D126-199C-4A74-ACF1-859BF5C3CFAC}.Debug|Any CPU.ActiveCfg = Debug|Any CPU
		{AE82D126-199C-4A74-ACF1-859BF5C3CFAC}.Debug|Any CPU.Build.0 = Debug|Any CPU
		{AE82D126-199C-4A74-ACF1-859BF5C3CFAC}.Release|Any CPU.ActiveCfg = Release|Any CPU
		{AE82D126-199C-4A74-ACF1-859BF5C3CFAC}.Release|Any CPU.Build.0 = Release|Any CPU
	EndGlobalSection
	GlobalSection(SolutionProperties) = preSolution
		HideSolutionNode = FALSE
	EndGlobalSection
	GlobalSection(ExtensibilityGlobals) = postSolution
		SolutionGuid = {4CD90D53-00E3-4103-BC64-839017E1C03D}
	EndGlobalSection
EndGlobal
